
Microsoft Visual Studio Solution File, Format Version 12.00
# Visual Studio Version 16
VisualStudioVersion = 16.0.29911.84
MinimumVisualStudioVersion = 10.0.40219.1
Project("{9A19103F-16F7-4668-BE54-9A1E7A4F7556}") = "WasteManagement", "WasteManagement\WasteManagement.csproj", "{16F0C155-B1C7-46E3-981A-A83E1B19D0D0}"
EndProject
Project("{9A19103F-16F7-4668-BE54-9A1E7A4F7556}") = "WasteManagement.Models", "WasteManagement.Models\WasteManagement.Models.csproj", "{AE4A2F79-3828-4A22-A273-111CEC0107E4}"
EndProject
Project("{FAE04EC0-301F-11D3-BF4B-00C04F79EFBC}") = "WasteManagement.Data", "WasteManagement.Data\WasteManagement.Data.csproj", "{C0C1F8F3-A9C3-4F11-B670-8F7C5137811A}"
EndProject
Project("{FAE04EC0-301F-11D3-BF4B-00C04F79EFBC}") = "WasteManagement.Services", "WasteManagement.Services\WasteManagement.Services.csproj", "{C6992A7D-C4B3-46A5-9211-C2D23006F28C}"
EndProject
Project("{FAE04EC0-301F-11D3-BF4B-00C04F79EFBC}") = "WasteManagement.Tests", "WasteManagement.Tests\WasteManagement.Tests.csproj", "{44FD4ECE-133E-42C4-9E87-C2856A45B002}"
EndProject
Global
	GlobalSection(SolutionConfigurationPlatforms) = preSolution
		Debug|Any CPU = Debug|Any CPU
		Release|Any CPU = Release|Any CPU
	EndGlobalSection
	GlobalSection(ProjectConfigurationPlatforms) = postSolution
		{16F0C155-B1C7-46E3-981A-A83E1B19D0D0}.Debug|Any CPU.ActiveCfg = Debug|Any CPU
		{16F0C155-B1C7-46E3-981A-A83E1B19D0D0}.Debug|Any CPU.Build.0 = Debug|Any CPU
		{16F0C155-B1C7-46E3-981A-A83E1B19D0D0}.Release|Any CPU.ActiveCfg = Release|Any CPU
		{16F0C155-B1C7-46E3-981A-A83E1B19D0D0}.Release|Any CPU.Build.0 = Release|Any CPU
		{AE4A2F79-3828-4A22-A273-111CEC0107E4}.Debug|Any CPU.ActiveCfg = Debug|Any CPU
		{AE4A2F79-3828-4A22-A273-111CEC0107E4}.Debug|Any CPU.Build.0 = Debug|Any CPU
		{AE4A2F79-3828-4A22-A273-111CEC0107E4}.Release|Any CPU.ActiveCfg = Release|Any CPU
		{AE4A2F79-3828-4A22-A273-111CEC0107E4}.Release|Any CPU.Build.0 = Release|Any CPU
		{C0C1F8F3-A9C3-4F11-B670-8F7C5137811A}.Debug|Any CPU.ActiveCfg = Debug|Any CPU
		{C0C1F8F3-A9C3-4F11-B670-8F7C5137811A}.Debug|Any CPU.Build.0 = Debug|Any CPU
		{C0C1F8F3-A9C3-4F11-B670-8F7C5137811A}.Release|Any CPU.ActiveCfg = Release|Any CPU
		{C0C1F8F3-A9C3-4F11-B670-8F7C5137811A}.Release|Any CPU.Build.0 = Release|Any CPU
		{C6992A7D-C4B3-46A5-9211-C2D23006F28C}.Debug|Any CPU.ActiveCfg = Debug|Any CPU
		{C6992A7D-C4B3-46A5-9211-C2D23006F28C}.Debug|Any CPU.Build.0 = Debug|Any CPU
		{C6992A7D-C4B3-46A5-9211-C2D23006F28C}.Release|Any CPU.ActiveCfg = Release|Any CPU
		{C6992A7D-C4B3-46A5-9211-C2D23006F28C}.Release|Any CPU.Build.0 = Release|Any CPU
		{44FD4ECE-133E-42C4-9E87-C2856A45B002}.Debug|Any CPU.ActiveCfg = Debug|Any CPU
		{44FD4ECE-133E-42C4-9E87-C2856A45B002}.Debug|Any CPU.Build.0 = Debug|Any CPU
		{44FD4ECE-133E-42C4-9E87-C2856A45B002}.Release|Any CPU.ActiveCfg = Release|Any CPU
		{44FD4ECE-133E-42C4-9E87-C2856A45B002}.Release|Any CPU.Build.0 = Release|Any CPU
	EndGlobalSection
	GlobalSection(SolutionProperties) = preSolution
		HideSolutionNode = FALSE
	EndGlobalSection
	GlobalSection(ExtensibilityGlobals) = postSolution
		SolutionGuid = {B1D0FF39-ABAC-465E-92B1-7F14446D3D2E}
	EndGlobalSection
EndGlobal
